
Microsoft Visual Studio Solution File, Format Version 12.00
# Visual Studio Version 16
VisualStudioVersion = 16.0.29519.87
MinimumVisualStudioVersion = 10.0.40219.1
Project("{FAE04EC0-301F-11D3-BF4B-00C04F79EFBC}") = "DigitalPersona", "DigitalPersona\DigitalPersona.csproj", "{F78DD7D4-1859-43D4-9D0C-6FC9D3C54C15}"
EndProject
Project("{FAE04EC0-301F-11D3-BF4B-00C04F79EFBC}") = "DigitalPersona.Reader", "DigitalPersona.Reader\DigitalPersona.Reader.csproj", "{216A0AC2-E0FC-41FC-96C4-3C48943A01D8}"
EndProject
Global
	GlobalSection(SolutionConfigurationPlatforms) = preSolution
		Debug|Any CPU = Debug|Any CPU
		Release|Any CPU = Release|Any CPU
	EndGlobalSection
	GlobalSection(ProjectConfigurationPlatforms) = postSolution
		{F78DD7D4-1859-43D4-9D0C-6FC9D3C54C15}.Debug|Any CPU.ActiveCfg = Debug|Any CPU
		{F78DD7D4-1859-43D4-9D0C-6FC9D3C54C15}.Debug|Any CPU.Build.0 = Debug|Any CPU
		{F78DD7D4-1859-43D4-9D0C-6FC9D3C54C15}.Debug|Any CPU.Deploy.0 = Debug|Any CPU
		{F78DD7D4-1859-43D4-9D0C-6FC9D3C54C15}.Release|Any CPU.ActiveCfg = Release|Any CPU
		{F78DD7D4-1859-43D4-9D0C-6FC9D3C54C15}.Release|Any CPU.Build.0 = Release|Any CPU
		{F78DD7D4-1859-43D4-9D0C-6FC9D3C54C15}.Release|Any CPU.Deploy.0 = Release|Any CPU
		{216A0AC2-E0FC-41FC-96C4-3C48943A01D8}.Debug|Any CPU.ActiveCfg = Debug|Any CPU
		{216A0AC2-E0FC-41FC-96C4-3C48943A01D8}.Debug|Any CPU.Build.0 = Debug|Any CPU
		{216A0AC2-E0FC-41FC-96C4-3C48943A01D8}.Release|Any CPU.ActiveCfg = Release|Any CPU
		{216A0AC2-E0FC-41FC-96C4-3C48943A01D8}.Release|Any CPU.Build.0 = Release|Any CPU
	EndGlobalSection
	GlobalSection(SolutionProperties) = preSolution
		HideSolutionNode = FALSE
	EndGlobalSection
	GlobalSection(ExtensibilityGlobals) = postSolution
		SolutionGuid = {5D9DC9D3-87CD-4838-B311-66445AFDEDD1}
	EndGlobalSection
EndGlobal
